
Microsoft Visual Studio Solution File, Format Version 12.00
# Visual Studio Version 16
VisualStudioVersion = 16.0.29806.167
MinimumVisualStudioVersion = 10.0.40219.1
Project("{FAE04EC0-301F-11D3-BF4B-00C04F79EFBC}") = "ROP", "ROP\ROP.csproj", "{069A1E57-BE75-4955-AD4C-1CCCD470701E}"
EndProject
Global
	GlobalSection(SolutionConfigurationPlatforms) = preSolution
		Debug|Any CPU = Debug|Any CPU
		Release|Any CPU = Release|Any CPU
	EndGlobalSection
	GlobalSection(ProjectConfigurationPlatforms) = postSolution
		{069A1E57-BE75-4955-AD4C-1CCCD470701E}.Debug|Any CPU.ActiveCfg = Debug|Any CPU
		{069A1E57-BE75-4955-AD4C-1CCCD470701E}.Debug|Any CPU.Build.0 = Debug|Any CPU
		{069A1E57-BE75-4955-AD4C-1CCCD470701E}.Release|Any CPU.ActiveCfg = Release|Any CPU
		{069A1E57-BE75-4955-AD4C-1CCCD470701E}.Release|Any CPU.Build.0 = Release|Any CPU
	EndGlobalSection
	GlobalSection(SolutionProperties) = preSolution
		HideSolutionNode = FALSE
	EndGlobalSection
	GlobalSection(ExtensibilityGlobals) = postSolution
		SolutionGuid = {75A19B85-8D52-4195-A12E-A6CF47373534}
	EndGlobalSection
EndGlobal
